<Solution>
  <Folder Name="/bench/">
    <Project Path="bench/StreamFrame.Benchmarks/StreamFrame.Benchmarks.csproj" />
  </Folder>
  <Folder Name="/samples/">
    <Project Path="samples/StreamFrame.Demo/StreamFrame.Demo.csproj" />
    <Project Path="samples/StreamFrame.AotSmoke/StreamFrame.AotSmoke.csproj" />
  </Folder>
  <Folder Name="/src/">
    <Project Path="src/StreamFrame.Protocols.Xml/StreamFrame.Protocols.Xml.csproj" />
    <Project Path="src/StreamFrame/StreamFrame.csproj" />
  </Folder>
  <Folder Name="/test/">
    <Project Path="test/StreamFrame.Tests/StreamFrame.Tests.csproj" />
  </Folder>
</Solution>
